
Microsoft Visual Studio Solution File, Format Version 12.00
# Visual Studio 14
VisualStudioVersion = 14.0.25420.1
MinimumVisualStudioVersion = 10.0.40219.1
Project("{FAE04EC0-301F-11D3-BF4B-00C04F79EFBC}") = "Riganti.Utils.Infrastructure.Core", "Riganti.Utils.Infrastructure.Core\Riganti.Utils.Infrastructure.Core.csproj", "{EBA57E7A-0552-4B0A-BF69-BD27CCE9F608}"
EndProject
Project("{FAE04EC0-301F-11D3-BF4B-00C04F79EFBC}") = "Riganti.Utils.Infrastructure.EntityFramework", "Riganti.Utils.Infrastructure.EntityFramework\Riganti.Utils.Infrastructure.EntityFramework.csproj", "{DA0AB05C-4934-43CE-BC53-3BEB9FD8BFE3}"
EndProject
Project("{FAE04EC0-301F-11D3-BF4B-00C04F79EFBC}") = "Riganti.Utils.Infrastructure.Services", "Riganti.Utils.Infrastructure.Services\Riganti.Utils.Infrastructure.Services.csproj", "{30199304-A0F2-491A-BF56-0476336BE444}"
EndProject
Project("{FAE04EC0-301F-11D3-BF4B-00C04F79EFBC}") = "Riganti.Utils.Infrastructure.Tests", "Riganti.Utils.Infrastructure.Tests\Riganti.Utils.Infrastructure.Tests.csproj", "{4E882B73-A161-4313-B8ED-66581ADFF7F3}"
EndProject
Project("{FAE04EC0-301F-11D3-BF4B-00C04F79EFBC}") = "Riganti.Utils.Infrastructure.DotVVM", "Riganti.Utils.Infrastructure.DotVVM\Riganti.Utils.Infrastructure.DotVVM.csproj", "{046C4C4A-E0AB-4EA3-BE75-9914DD581678}"
EndProject
Project("{FAE04EC0-301F-11D3-BF4B-00C04F79EFBC}") = "Riganti.Utils.Infrastructure.AutoMapper", "Riganti.Utils.Infrastructure.AutoMapper\Riganti.Utils.Infrastructure.AutoMapper.csproj", "{712E6C09-26C1-40EE-A6C0-F3F63EE89BBB}"
EndProject
Project("{FAE04EC0-301F-11D3-BF4B-00C04F79EFBC}") = "Riganti.Utils.Infrastructure.Services.Azure", "Riganti.Utils.Infrastructure.Services.Azure\Riganti.Utils.Infrastructure.Services.Azure.csproj", "{D7288BE0-CD42-43AE-AD4E-AFC2106FD74A}"
EndProject
Global
	GlobalSection(SolutionConfigurationPlatforms) = preSolution
		Debug|Any CPU = Debug|Any CPU
		Release|Any CPU = Release|Any CPU
	EndGlobalSection
	GlobalSection(ProjectConfigurationPlatforms) = postSolution
		{EBA57E7A-0552-4B0A-BF69-BD27CCE9F608}.Debug|Any CPU.ActiveCfg = Debug|Any CPU
		{EBA57E7A-0552-4B0A-BF69-BD27CCE9F608}.Debug|Any CPU.Build.0 = Debug|Any CPU
		{EBA57E7A-0552-4B0A-BF69-BD27CCE9F608}.Release|Any CPU.ActiveCfg = Release|Any CPU
		{EBA57E7A-0552-4B0A-BF69-BD27CCE9F608}.Release|Any CPU.Build.0 = Release|Any CPU
		{DA0AB05C-4934-43CE-BC53-3BEB9FD8BFE3}.Debug|Any CPU.ActiveCfg = Debug|Any CPU
		{DA0AB05C-4934-43CE-BC53-3BEB9FD8BFE3}.Debug|Any CPU.Build.0 = Debug|Any CPU
		{DA0AB05C-4934-43CE-BC53-3BEB9FD8BFE3}.Release|Any CPU.ActiveCfg = Release|Any CPU
		{DA0AB05C-4934-43CE-BC53-3BEB9FD8BFE3}.Release|Any CPU.Build.0 = Release|Any CPU
		{30199304-A0F2-491A-BF56-0476336BE444}.Debug|Any CPU.ActiveCfg = Debug|Any CPU
		{30199304-A0F2-491A-BF56-0476336BE444}.Debug|Any CPU.Build.0 = Debug|Any CPU
		{30199304-A0F2-491A-BF56-0476336BE444}.Release|Any CPU.ActiveCfg = Release|Any CPU
		{30199304-A0F2-491A-BF56-0476336BE444}.Release|Any CPU.Build.0 = Release|Any CPU
		{4E882B73-A161-4313-B8ED-66581ADFF7F3}.Debug|Any CPU.ActiveCfg = Debug|Any CPU
		{4E882B73-A161-4313-B8ED-66581ADFF7F3}.Debug|Any CPU.Build.0 = Debug|Any CPU
		{4E882B73-A161-4313-B8ED-66581ADFF7F3}.Release|Any CPU.ActiveCfg = Release|Any CPU
		{4E882B73-A161-4313-B8ED-66581ADFF7F3}.Release|Any CPU.Build.0 = Release|Any CPU
		{046C4C4A-E0AB-4EA3-BE75-9914DD581678}.Debug|Any CPU.ActiveCfg = Debug|Any CPU
		{046C4C4A-E0AB-4EA3-BE75-9914DD581678}.Debug|Any CPU.Build.0 = Debug|Any CPU
		{046C4C4A-E0AB-4EA3-BE75-9914DD581678}.Release|Any CPU.ActiveCfg = Release|Any CPU
		{046C4C4A-E0AB-4EA3-BE75-9914DD581678}.Release|Any CPU.Build.0 = Release|Any CPU
		{712E6C09-26C1-40EE-A6C0-F3F63EE89BBB}.Debug|Any CPU.ActiveCfg = Debug|Any CPU
		{712E6C09-26C1-40EE-A6C0-F3F63EE89BBB}.Debug|Any CPU.Build.0 = Debug|Any CPU
		{712E6C09-26C1-40EE-A6C0-F3F63EE89BBB}.Release|Any CPU.ActiveCfg = Release|Any CPU
		{712E6C09-26C1-40EE-A6C0-F3F63EE89BBB}.Release|Any CPU.Build.0 = Release|Any CPU
		{D7288BE0-CD42-43AE-AD4E-AFC2106FD74A}.Debug|Any CPU.ActiveCfg = Debug|Any CPU
		{D7288BE0-CD42-43AE-AD4E-AFC2106FD74A}.Debug|Any CPU.Build.0 = Debug|Any CPU
		{D7288BE0-CD42-43AE-AD4E-AFC2106FD74A}.Release|Any CPU.ActiveCfg = Release|Any CPU
		{D7288BE0-CD42-43AE-AD4E-AFC2106FD74A}.Release|Any CPU.Build.0 = Release|Any CPU
	EndGlobalSection
	GlobalSection(SolutionProperties) = preSolution
		HideSolutionNode = FALSE
	EndGlobalSection
EndGlobal
