
Microsoft Visual Studio Solution File, Format Version 12.00
# Visual Studio 15
VisualStudioVersion = 15.0.26730.16
MinimumVisualStudioVersion = 10.0.40219.1
Project("{2150E333-8FDC-42A3-9474-1A3956D46DE8}") = "Tests", "Tests", "{4AFD9A5B-FFCD-4D8D-BEA0-ED32089F0178}"
EndProject
Project("{9A19103F-16F7-4668-BE54-9A1E7A4F7556}") = "Riganti.Utils.Infrastructure.Core", "Riganti.Utils.Infrastructure.Core\Riganti.Utils.Infrastructure.Core.csproj", "{4D05D923-BFE1-45F6-804B-9A820678EE23}"
EndProject
Project("{9A19103F-16F7-4668-BE54-9A1E7A4F7556}") = "Riganti.Utils.Infrastructure.Configuration", "Riganti.Utils.Infrastructure.Configuration\Riganti.Utils.Infrastructure.Configuration.csproj", "{BD3DB4D8-EB71-4E5A-9E0F-CF8494893E4D}"
EndProject
Project("{9A19103F-16F7-4668-BE54-9A1E7A4F7556}") = "Riganti.Utils.Infrastructure.EntityFramework", "Riganti.Utils.Infrastructure.EntityFramework\Riganti.Utils.Infrastructure.EntityFramework.csproj", "{DD81B607-01D5-46B6-839D-2E068BB6AFCC}"
EndProject
Project("{9A19103F-16F7-4668-BE54-9A1E7A4F7556}") = "Riganti.Utils.Infrastructure.Services", "Riganti.Utils.Infrastructure.Services\Riganti.Utils.Infrastructure.Services.csproj", "{4480D5CB-3FED-46B7-B640-25C1B5315A28}"
EndProject
Project("{9A19103F-16F7-4668-BE54-9A1E7A4F7556}") = "Riganti.Utils.Infrastructure.Services.Azure", "Riganti.Utils.Infrastructure.Services.Azure\Riganti.Utils.Infrastructure.Services.Azure.csproj", "{3F402D39-8F19-4FBA-B168-D33FB6102598}"
EndProject
Project("{9A19103F-16F7-4668-BE54-9A1E7A4F7556}") = "Riganti.Utils.Infrastructure.AutoMapper", "Riganti.Utils.Infrastructure.AutoMapper\Riganti.Utils.Infrastructure.AutoMapper.csproj", "{65CC1CEA-E110-40CE-A42A-2B5B2E2D5058}"
EndProject
Project("{9A19103F-16F7-4668-BE54-9A1E7A4F7556}") = "Riganti.Utils.Infrastructure.DotVVM", "Riganti.Utils.Infrastructure.DotVVM\Riganti.Utils.Infrastructure.DotVVM.csproj", "{9292CE0D-254D-4E6E-842F-160AF103EA43}"
EndProject
Project("{9A19103F-16F7-4668-BE54-9A1E7A4F7556}") = "Riganti.Utils.Infrastructure.Core.Tests", "Tests\Riganti.Utils.Infrastructure.Core.Tests\Riganti.Utils.Infrastructure.Core.Tests.csproj", "{BFC74F73-FA8A-4D61-BA7D-E3D5476F6E87}"
EndProject
Project("{9A19103F-16F7-4668-BE54-9A1E7A4F7556}") = "Riganti.Utils.Infrastructure.EntityFramework.Tests", "Tests\Riganti.Utils.Infrastructure.EntityFramework.Tests\Riganti.Utils.Infrastructure.EntityFramework.Tests.csproj", "{08A731F6-DC7F-427E-9CBB-007D33CB4491}"
EndProject
Project("{9A19103F-16F7-4668-BE54-9A1E7A4F7556}") = "Riganti.Utils.Infrastructure.EntityFrameworkCore", "Riganti.Utils.Infrastructure.EntityFrameworkCore\Riganti.Utils.Infrastructure.EntityFrameworkCore.csproj", "{4C3C2489-F54A-4F0C-96E9-41E8809CCFB7}"
EndProject
Project("{9A19103F-16F7-4668-BE54-9A1E7A4F7556}") = "Riganti.Utils.Infrastructure.SystemWeb", "Riganti.Utils.Infrastructure.SystemWeb\Riganti.Utils.Infrastructure.SystemWeb.csproj", "{51A10483-6667-47B1-B16C-E4E4E1E27097}"
EndProject
Project("{9A19103F-16F7-4668-BE54-9A1E7A4F7556}") = "Riganti.Utils.Infrastructure.AspNetCore", "Riganti.Utils.Infrastructure.AspNetCore\Riganti.Utils.Infrastructure.AspNetCore.csproj", "{5B65C8A0-D2EA-49B9-9EC8-71FB3EA490FE}"
EndProject
Project("{9A19103F-16F7-4668-BE54-9A1E7A4F7556}") = "Riganti.Utils.Infrastructure.Services.SendGrid", "Riganti.Utils.Infrastructure.Services.SendGrid\Riganti.Utils.Infrastructure.Services.SendGrid.csproj", "{B0AF00E5-54AF-4346-A03B-1018B8849691}"
EndProject
Project("{9A19103F-16F7-4668-BE54-9A1E7A4F7556}") = "Riganti.Utils.Infrastructure.Services.Amazon.SES", "Riganti.Utils.Infrastructure.Services.Amazon.SES\Riganti.Utils.Infrastructure.Services.Amazon.SES.csproj", "{96C19D40-BFC9-43DD-8B8C-381F8EA894D6}"
EndProject
Project("{9A19103F-16F7-4668-BE54-9A1E7A4F7556}") = "Riganti.Utils.Infrastructure.Azure.TableStorage", "Riganti.Utils.Infrastructure.Azure.TableStorage\Riganti.Utils.Infrastructure.Azure.TableStorage.csproj", "{5D9761F2-80A5-495F-8D6F-C1288CCC2FD4}"
EndProject
Project("{9A19103F-16F7-4668-BE54-9A1E7A4F7556}") = "Riganti.Utils.Infrastructure.Azure.TableStorage.Tests", "Tests\Riganti.Utils.Infrastructure.Azure.TableStorage.Tests\Riganti.Utils.Infrastructure.Azure.TableStorage.Tests.csproj", "{53A0FE75-1EC6-4E22-89E6-B712A3C2B0CC}"
EndProject
Project("{9A19103F-16F7-4668-BE54-9A1E7A4F7556}") = "Riganti.Utils.Infrastructure.Services.Mailing", "Riganti.Utils.Infrastructure.Services.Mailing\Riganti.Utils.Infrastructure.Services.Mailing.csproj", "{BDB3B6EA-1F85-468A-AB75-63576C0E87BA}"
EndProject
Project("{9A19103F-16F7-4668-BE54-9A1E7A4F7556}") = "Riganti.Utils.Infrastructure.EntityFrameworkCore.Tests", "Tests\Riganti.Utils.Infrastructure.EntityFrameworkCore.Tests\Riganti.Utils.Infrastructure.EntityFrameworkCore.Tests.csproj", "{1373AA88-83A9-48E2-8C29-782135CB98AD}"
EndProject
Project("{9A19103F-16F7-4668-BE54-9A1E7A4F7556}") = "Riganti.Utils.Infrastructure.AutoMapper.EntityFramework", "Riganti.Utils.Infrastructure.AutoMapper.EntityFramework\Riganti.Utils.Infrastructure.AutoMapper.EntityFramework.csproj", "{EC3A0C41-9EED-45A8-8341-CAB17B11DD85}"
EndProject
Project("{9A19103F-16F7-4668-BE54-9A1E7A4F7556}") = "Riganti.Utils.Infrastructure.AutoMapper.EntityFrameworkCore", "Riganti.Utils.Infrastructure.AutoMapper.EntityFrameworkCore\Riganti.Utils.Infrastructure.AutoMapper.EntityFrameworkCore.csproj", "{584AF547-0311-4EEA-AC86-83F082C0BFEA}"
EndProject
Project("{9A19103F-16F7-4668-BE54-9A1E7A4F7556}") = "Riganti.Utils.Infrastructure.Services.Mailing.Tests", "Tests\Riganti.Utils.Infrastructure.Services.Mailing.Tests\Riganti.Utils.Infrastructure.Services.Mailing.Tests.csproj", "{7EFFD697-35E1-4A38-9E80-5710DC8601D2}"
EndProject
Project("{9A19103F-16F7-4668-BE54-9A1E7A4F7556}") = "Riganti.Utils.Infrastructure.Logging", "Riganti.Utils.Infrastructure.Logging\Riganti.Utils.Infrastructure.Logging.csproj", "{858E745B-5CFB-4CDB-A743-7D670851B7CE}"
EndProject
Project("{9A19103F-16F7-4668-BE54-9A1E7A4F7556}") = "Riganti.Utils.Infrastructure.Logging.ApplicationInsights", "Riganti.Utils.Infrastructure.Logging.ApplicationInsights\Riganti.Utils.Infrastructure.Logging.ApplicationInsights.csproj", "{91A43921-8D17-4FAA-A9FA-BB6CFC2EBF16}"
EndProject
Project("{9A19103F-16F7-4668-BE54-9A1E7A4F7556}") = "Riganti.Utils.Infrastructure.Logging.Email", "Riganti.Utils.Infrastructure.Logging.Email\Riganti.Utils.Infrastructure.Logging.Email.csproj", "{F1FB5C07-2936-446D-AB6F-998481B6D828}"
EndProject
Project("{9A19103F-16F7-4668-BE54-9A1E7A4F7556}") = "Riganti.Utils.Infrastructure.Testing", "Riganti.Utils.Infrastructure.Testing\Riganti.Utils.Infrastructure.Testing.csproj", "{D9F42460-F252-4992-8957-CABEC0F86572}"
EndProject
Project("{9A19103F-16F7-4668-BE54-9A1E7A4F7556}") = "Riganti.Utils.Infrastructure.Services.Tests", "Tests\Riganti.Utils.Infrastructure.Services.Tests\Riganti.Utils.Infrastructure.Services.Tests.csproj", "{50E2C699-6B7B-44EF-A0D2-F5F9427E6691}"
EndProject
Project("{2150E333-8FDC-42A3-9474-1A3956D46DE8}") = ".misc", ".misc", "{19CE4683-B182-4534-934C-E0DF551B4308}"
	ProjectSection(SolutionItems) = preProject
		..\..\ChangeLog.md = ..\..\ChangeLog.md
		..\..\LICENSE = ..\..\LICENSE
		..\..\README.md = ..\..\README.md
	EndProjectSection
EndProject
Global
	GlobalSection(SolutionConfigurationPlatforms) = preSolution
		Debug|Any CPU = Debug|Any CPU
		Debug|x64 = Debug|x64
		Debug|x86 = Debug|x86
		Release|Any CPU = Release|Any CPU
		Release|x64 = Release|x64
		Release|x86 = Release|x86
	EndGlobalSection
	GlobalSection(ProjectConfigurationPlatforms) = postSolution
		{4D05D923-BFE1-45F6-804B-9A820678EE23}.Debug|Any CPU.ActiveCfg = Debug|Any CPU
		{4D05D923-BFE1-45F6-804B-9A820678EE23}.Debug|Any CPU.Build.0 = Debug|Any CPU
		{4D05D923-BFE1-45F6-804B-9A820678EE23}.Debug|x64.ActiveCfg = Debug|Any CPU
		{4D05D923-BFE1-45F6-804B-9A820678EE23}.Debug|x64.Build.0 = Debug|Any CPU
		{4D05D923-BFE1-45F6-804B-9A820678EE23}.Debug|x86.ActiveCfg = Debug|Any CPU
		{4D05D923-BFE1-45F6-804B-9A820678EE23}.Debug|x86.Build.0 = Debug|Any CPU
		{4D05D923-BFE1-45F6-804B-9A820678EE23}.Release|Any CPU.ActiveCfg = Release|Any CPU
		{4D05D923-BFE1-45F6-804B-9A820678EE23}.Release|Any CPU.Build.0 = Release|Any CPU
		{4D05D923-BFE1-45F6-804B-9A820678EE23}.Release|x64.ActiveCfg = Release|Any CPU
		{4D05D923-BFE1-45F6-804B-9A820678EE23}.Release|x64.Build.0 = Release|Any CPU
		{4D05D923-BFE1-45F6-804B-9A820678EE23}.Release|x86.ActiveCfg = Release|Any CPU
		{4D05D923-BFE1-45F6-804B-9A820678EE23}.Release|x86.Build.0 = Release|Any CPU
		{BD3DB4D8-EB71-4E5A-9E0F-CF8494893E4D}.Debug|Any CPU.ActiveCfg = Debug|Any CPU
		{BD3DB4D8-EB71-4E5A-9E0F-CF8494893E4D}.Debug|Any CPU.Build.0 = Debug|Any CPU
		{BD3DB4D8-EB71-4E5A-9E0F-CF8494893E4D}.Debug|x64.ActiveCfg = Debug|Any CPU
		{BD3DB4D8-EB71-4E5A-9E0F-CF8494893E4D}.Debug|x64.Build.0 = Debug|Any CPU
		{BD3DB4D8-EB71-4E5A-9E0F-CF8494893E4D}.Debug|x86.ActiveCfg = Debug|Any CPU
		{BD3DB4D8-EB71-4E5A-9E0F-CF8494893E4D}.Debug|x86.Build.0 = Debug|Any CPU
		{BD3DB4D8-EB71-4E5A-9E0F-CF8494893E4D}.Release|Any CPU.ActiveCfg = Release|Any CPU
		{BD3DB4D8-EB71-4E5A-9E0F-CF8494893E4D}.Release|Any CPU.Build.0 = Release|Any CPU
		{BD3DB4D8-EB71-4E5A-9E0F-CF8494893E4D}.Release|x64.ActiveCfg = Release|Any CPU
		{BD3DB4D8-EB71-4E5A-9E0F-CF8494893E4D}.Release|x64.Build.0 = Release|Any CPU
		{BD3DB4D8-EB71-4E5A-9E0F-CF8494893E4D}.Release|x86.ActiveCfg = Release|Any CPU
		{BD3DB4D8-EB71-4E5A-9E0F-CF8494893E4D}.Release|x86.Build.0 = Release|Any CPU
		{DD81B607-01D5-46B6-839D-2E068BB6AFCC}.Debug|Any CPU.ActiveCfg = Debug|Any CPU
		{DD81B607-01D5-46B6-839D-2E068BB6AFCC}.Debug|Any CPU.Build.0 = Debug|Any CPU
		{DD81B607-01D5-46B6-839D-2E068BB6AFCC}.Debug|x64.ActiveCfg = Debug|Any CPU
		{DD81B607-01D5-46B6-839D-2E068BB6AFCC}.Debug|x64.Build.0 = Debug|Any CPU
		{DD81B607-01D5-46B6-839D-2E068BB6AFCC}.Debug|x86.ActiveCfg = Debug|Any CPU
		{DD81B607-01D5-46B6-839D-2E068BB6AFCC}.Debug|x86.Build.0 = Debug|Any CPU
		{DD81B607-01D5-46B6-839D-2E068BB6AFCC}.Release|Any CPU.ActiveCfg = Release|Any CPU
		{DD81B607-01D5-46B6-839D-2E068BB6AFCC}.Release|Any CPU.Build.0 = Release|Any CPU
		{DD81B607-01D5-46B6-839D-2E068BB6AFCC}.Release|x64.ActiveCfg = Release|Any CPU
		{DD81B607-01D5-46B6-839D-2E068BB6AFCC}.Release|x64.Build.0 = Release|Any CPU
		{DD81B607-01D5-46B6-839D-2E068BB6AFCC}.Release|x86.ActiveCfg = Release|Any CPU
		{DD81B607-01D5-46B6-839D-2E068BB6AFCC}.Release|x86.Build.0 = Release|Any CPU
		{4480D5CB-3FED-46B7-B640-25C1B5315A28}.Debug|Any CPU.ActiveCfg = Debug|Any CPU
		{4480D5CB-3FED-46B7-B640-25C1B5315A28}.Debug|Any CPU.Build.0 = Debug|Any CPU
		{4480D5CB-3FED-46B7-B640-25C1B5315A28}.Debug|x64.ActiveCfg = Debug|Any CPU
		{4480D5CB-3FED-46B7-B640-25C1B5315A28}.Debug|x64.Build.0 = Debug|Any CPU
		{4480D5CB-3FED-46B7-B640-25C1B5315A28}.Debug|x86.ActiveCfg = Debug|Any CPU
		{4480D5CB-3FED-46B7-B640-25C1B5315A28}.Debug|x86.Build.0 = Debug|Any CPU
		{4480D5CB-3FED-46B7-B640-25C1B5315A28}.Release|Any CPU.ActiveCfg = Release|Any CPU
		{4480D5CB-3FED-46B7-B640-25C1B5315A28}.Release|Any CPU.Build.0 = Release|Any CPU
		{4480D5CB-3FED-46B7-B640-25C1B5315A28}.Release|x64.ActiveCfg = Release|Any CPU
		{4480D5CB-3FED-46B7-B640-25C1B5315A28}.Release|x64.Build.0 = Release|Any CPU
		{4480D5CB-3FED-46B7-B640-25C1B5315A28}.Release|x86.ActiveCfg = Release|Any CPU
		{4480D5CB-3FED-46B7-B640-25C1B5315A28}.Release|x86.Build.0 = Release|Any CPU
		{3F402D39-8F19-4FBA-B168-D33FB6102598}.Debug|Any CPU.ActiveCfg = Debug|Any CPU
		{3F402D39-8F19-4FBA-B168-D33FB6102598}.Debug|Any CPU.Build.0 = Debug|Any CPU
		{3F402D39-8F19-4FBA-B168-D33FB6102598}.Debug|x64.ActiveCfg = Debug|Any CPU
		{3F402D39-8F19-4FBA-B168-D33FB6102598}.Debug|x64.Build.0 = Debug|Any CPU
		{3F402D39-8F19-4FBA-B168-D33FB6102598}.Debug|x86.ActiveCfg = Debug|Any CPU
		{3F402D39-8F19-4FBA-B168-D33FB6102598}.Debug|x86.Build.0 = Debug|Any CPU
		{3F402D39-8F19-4FBA-B168-D33FB6102598}.Release|Any CPU.ActiveCfg = Release|Any CPU
		{3F402D39-8F19-4FBA-B168-D33FB6102598}.Release|Any CPU.Build.0 = Release|Any CPU
		{3F402D39-8F19-4FBA-B168-D33FB6102598}.Release|x64.ActiveCfg = Release|Any CPU
		{3F402D39-8F19-4FBA-B168-D33FB6102598}.Release|x64.Build.0 = Release|Any CPU
		{3F402D39-8F19-4FBA-B168-D33FB6102598}.Release|x86.ActiveCfg = Release|Any CPU
		{3F402D39-8F19-4FBA-B168-D33FB6102598}.Release|x86.Build.0 = Release|Any CPU
		{65CC1CEA-E110-40CE-A42A-2B5B2E2D5058}.Debug|Any CPU.ActiveCfg = Debug|Any CPU
		{65CC1CEA-E110-40CE-A42A-2B5B2E2D5058}.Debug|Any CPU.Build.0 = Debug|Any CPU
		{65CC1CEA-E110-40CE-A42A-2B5B2E2D5058}.Debug|x64.ActiveCfg = Debug|Any CPU
		{65CC1CEA-E110-40CE-A42A-2B5B2E2D5058}.Debug|x64.Build.0 = Debug|Any CPU
		{65CC1CEA-E110-40CE-A42A-2B5B2E2D5058}.Debug|x86.ActiveCfg = Debug|Any CPU
		{65CC1CEA-E110-40CE-A42A-2B5B2E2D5058}.Debug|x86.Build.0 = Debug|Any CPU
		{65CC1CEA-E110-40CE-A42A-2B5B2E2D5058}.Release|Any CPU.ActiveCfg = Release|Any CPU
		{65CC1CEA-E110-40CE-A42A-2B5B2E2D5058}.Release|Any CPU.Build.0 = Release|Any CPU
		{65CC1CEA-E110-40CE-A42A-2B5B2E2D5058}.Release|x64.ActiveCfg = Release|Any CPU
		{65CC1CEA-E110-40CE-A42A-2B5B2E2D5058}.Release|x64.Build.0 = Release|Any CPU
		{65CC1CEA-E110-40CE-A42A-2B5B2E2D5058}.Release|x86.ActiveCfg = Release|Any CPU
		{65CC1CEA-E110-40CE-A42A-2B5B2E2D5058}.Release|x86.Build.0 = Release|Any CPU
		{9292CE0D-254D-4E6E-842F-160AF103EA43}.Debug|Any CPU.ActiveCfg = Debug|Any CPU
		{9292CE0D-254D-4E6E-842F-160AF103EA43}.Debug|Any CPU.Build.0 = Debug|Any CPU
		{9292CE0D-254D-4E6E-842F-160AF103EA43}.Debug|x64.ActiveCfg = Debug|Any CPU
		{9292CE0D-254D-4E6E-842F-160AF103EA43}.Debug|x64.Build.0 = Debug|Any CPU
		{9292CE0D-254D-4E6E-842F-160AF103EA43}.Debug|x86.ActiveCfg = Debug|Any CPU
		{9292CE0D-254D-4E6E-842F-160AF103EA43}.Debug|x86.Build.0 = Debug|Any CPU
		{9292CE0D-254D-4E6E-842F-160AF103EA43}.Release|Any CPU.ActiveCfg = Release|Any CPU
		{9292CE0D-254D-4E6E-842F-160AF103EA43}.Release|Any CPU.Build.0 = Release|Any CPU
		{9292CE0D-254D-4E6E-842F-160AF103EA43}.Release|x64.ActiveCfg = Release|Any CPU
		{9292CE0D-254D-4E6E-842F-160AF103EA43}.Release|x64.Build.0 = Release|Any CPU
		{9292CE0D-254D-4E6E-842F-160AF103EA43}.Release|x86.ActiveCfg = Release|Any CPU
		{9292CE0D-254D-4E6E-842F-160AF103EA43}.Release|x86.Build.0 = Release|Any CPU
		{BFC74F73-FA8A-4D61-BA7D-E3D5476F6E87}.Debug|Any CPU.ActiveCfg = Debug|Any CPU
		{BFC74F73-FA8A-4D61-BA7D-E3D5476F6E87}.Debug|Any CPU.Build.0 = Debug|Any CPU
		{BFC74F73-FA8A-4D61-BA7D-E3D5476F6E87}.Debug|x64.ActiveCfg = Debug|Any CPU
		{BFC74F73-FA8A-4D61-BA7D-E3D5476F6E87}.Debug|x86.ActiveCfg = Debug|Any CPU
		{BFC74F73-FA8A-4D61-BA7D-E3D5476F6E87}.Release|Any CPU.ActiveCfg = Release|Any CPU
		{BFC74F73-FA8A-4D61-BA7D-E3D5476F6E87}.Release|Any CPU.Build.0 = Release|Any CPU
		{BFC74F73-FA8A-4D61-BA7D-E3D5476F6E87}.Release|x64.ActiveCfg = Release|Any CPU
		{BFC74F73-FA8A-4D61-BA7D-E3D5476F6E87}.Release|x86.ActiveCfg = Release|Any CPU
		{08A731F6-DC7F-427E-9CBB-007D33CB4491}.Debug|Any CPU.ActiveCfg = Debug|Any CPU
		{08A731F6-DC7F-427E-9CBB-007D33CB4491}.Debug|Any CPU.Build.0 = Debug|Any CPU
		{08A731F6-DC7F-427E-9CBB-007D33CB4491}.Debug|x64.ActiveCfg = Debug|Any CPU
		{08A731F6-DC7F-427E-9CBB-007D33CB4491}.Debug|x86.ActiveCfg = Debug|Any CPU
		{08A731F6-DC7F-427E-9CBB-007D33CB4491}.Release|Any CPU.ActiveCfg = Release|Any CPU
		{08A731F6-DC7F-427E-9CBB-007D33CB4491}.Release|Any CPU.Build.0 = Release|Any CPU
		{08A731F6-DC7F-427E-9CBB-007D33CB4491}.Release|x64.ActiveCfg = Release|Any CPU
		{08A731F6-DC7F-427E-9CBB-007D33CB4491}.Release|x86.ActiveCfg = Release|Any CPU
		{4C3C2489-F54A-4F0C-96E9-41E8809CCFB7}.Debug|Any CPU.ActiveCfg = Debug|Any CPU
		{4C3C2489-F54A-4F0C-96E9-41E8809CCFB7}.Debug|Any CPU.Build.0 = Debug|Any CPU
		{4C3C2489-F54A-4F0C-96E9-41E8809CCFB7}.Debug|x64.ActiveCfg = Debug|Any CPU
		{4C3C2489-F54A-4F0C-96E9-41E8809CCFB7}.Debug|x64.Build.0 = Debug|Any CPU
		{4C3C2489-F54A-4F0C-96E9-41E8809CCFB7}.Debug|x86.ActiveCfg = Debug|Any CPU
		{4C3C2489-F54A-4F0C-96E9-41E8809CCFB7}.Debug|x86.Build.0 = Debug|Any CPU
		{4C3C2489-F54A-4F0C-96E9-41E8809CCFB7}.Release|Any CPU.ActiveCfg = Release|Any CPU
		{4C3C2489-F54A-4F0C-96E9-41E8809CCFB7}.Release|Any CPU.Build.0 = Release|Any CPU
		{4C3C2489-F54A-4F0C-96E9-41E8809CCFB7}.Release|x64.ActiveCfg = Release|Any CPU
		{4C3C2489-F54A-4F0C-96E9-41E8809CCFB7}.Release|x64.Build.0 = Release|Any CPU
		{4C3C2489-F54A-4F0C-96E9-41E8809CCFB7}.Release|x86.ActiveCfg = Release|Any CPU
		{4C3C2489-F54A-4F0C-96E9-41E8809CCFB7}.Release|x86.Build.0 = Release|Any CPU
		{51A10483-6667-47B1-B16C-E4E4E1E27097}.Debug|Any CPU.ActiveCfg = Debug|Any CPU
		{51A10483-6667-47B1-B16C-E4E4E1E27097}.Debug|Any CPU.Build.0 = Debug|Any CPU
		{51A10483-6667-47B1-B16C-E4E4E1E27097}.Debug|x64.ActiveCfg = Debug|Any CPU
		{51A10483-6667-47B1-B16C-E4E4E1E27097}.Debug|x64.Build.0 = Debug|Any CPU
		{51A10483-6667-47B1-B16C-E4E4E1E27097}.Debug|x86.ActiveCfg = Debug|Any CPU
		{51A10483-6667-47B1-B16C-E4E4E1E27097}.Debug|x86.Build.0 = Debug|Any CPU
		{51A10483-6667-47B1-B16C-E4E4E1E27097}.Release|Any CPU.ActiveCfg = Release|Any CPU
		{51A10483-6667-47B1-B16C-E4E4E1E27097}.Release|Any CPU.Build.0 = Release|Any CPU
		{51A10483-6667-47B1-B16C-E4E4E1E27097}.Release|x64.ActiveCfg = Release|Any CPU
		{51A10483-6667-47B1-B16C-E4E4E1E27097}.Release|x64.Build.0 = Release|Any CPU
		{51A10483-6667-47B1-B16C-E4E4E1E27097}.Release|x86.ActiveCfg = Release|Any CPU
		{51A10483-6667-47B1-B16C-E4E4E1E27097}.Release|x86.Build.0 = Release|Any CPU
		{5B65C8A0-D2EA-49B9-9EC8-71FB3EA490FE}.Debug|Any CPU.ActiveCfg = Debug|Any CPU
		{5B65C8A0-D2EA-49B9-9EC8-71FB3EA490FE}.Debug|Any CPU.Build.0 = Debug|Any CPU
		{5B65C8A0-D2EA-49B9-9EC8-71FB3EA490FE}.Debug|x64.ActiveCfg = Debug|Any CPU
		{5B65C8A0-D2EA-49B9-9EC8-71FB3EA490FE}.Debug|x64.Build.0 = Debug|Any CPU
		{5B65C8A0-D2EA-49B9-9EC8-71FB3EA490FE}.Debug|x86.ActiveCfg = Debug|Any CPU
		{5B65C8A0-D2EA-49B9-9EC8-71FB3EA490FE}.Debug|x86.Build.0 = Debug|Any CPU
		{5B65C8A0-D2EA-49B9-9EC8-71FB3EA490FE}.Release|Any CPU.ActiveCfg = Release|Any CPU
		{5B65C8A0-D2EA-49B9-9EC8-71FB3EA490FE}.Release|Any CPU.Build.0 = Release|Any CPU
		{5B65C8A0-D2EA-49B9-9EC8-71FB3EA490FE}.Release|x64.ActiveCfg = Release|Any CPU
		{5B65C8A0-D2EA-49B9-9EC8-71FB3EA490FE}.Release|x64.Build.0 = Release|Any CPU
		{5B65C8A0-D2EA-49B9-9EC8-71FB3EA490FE}.Release|x86.ActiveCfg = Release|Any CPU
		{5B65C8A0-D2EA-49B9-9EC8-71FB3EA490FE}.Release|x86.Build.0 = Release|Any CPU
		{B0AF00E5-54AF-4346-A03B-1018B8849691}.Debug|Any CPU.ActiveCfg = Debug|Any CPU
		{B0AF00E5-54AF-4346-A03B-1018B8849691}.Debug|Any CPU.Build.0 = Debug|Any CPU
		{B0AF00E5-54AF-4346-A03B-1018B8849691}.Debug|x64.ActiveCfg = Debug|Any CPU
		{B0AF00E5-54AF-4346-A03B-1018B8849691}.Debug|x64.Build.0 = Debug|Any CPU
		{B0AF00E5-54AF-4346-A03B-1018B8849691}.Debug|x86.ActiveCfg = Debug|Any CPU
		{B0AF00E5-54AF-4346-A03B-1018B8849691}.Debug|x86.Build.0 = Debug|Any CPU
		{B0AF00E5-54AF-4346-A03B-1018B8849691}.Release|Any CPU.ActiveCfg = Release|Any CPU
		{B0AF00E5-54AF-4346-A03B-1018B8849691}.Release|Any CPU.Build.0 = Release|Any CPU
		{B0AF00E5-54AF-4346-A03B-1018B8849691}.Release|x64.ActiveCfg = Release|Any CPU
		{B0AF00E5-54AF-4346-A03B-1018B8849691}.Release|x64.Build.0 = Release|Any CPU
		{B0AF00E5-54AF-4346-A03B-1018B8849691}.Release|x86.ActiveCfg = Release|Any CPU
		{B0AF00E5-54AF-4346-A03B-1018B8849691}.Release|x86.Build.0 = Release|Any CPU
		{96C19D40-BFC9-43DD-8B8C-381F8EA894D6}.Debug|Any CPU.ActiveCfg = Debug|Any CPU
		{96C19D40-BFC9-43DD-8B8C-381F8EA894D6}.Debug|Any CPU.Build.0 = Debug|Any CPU
		{96C19D40-BFC9-43DD-8B8C-381F8EA894D6}.Debug|x64.ActiveCfg = Debug|Any CPU
		{96C19D40-BFC9-43DD-8B8C-381F8EA894D6}.Debug|x64.Build.0 = Debug|Any CPU
		{96C19D40-BFC9-43DD-8B8C-381F8EA894D6}.Debug|x86.ActiveCfg = Debug|Any CPU
		{96C19D40-BFC9-43DD-8B8C-381F8EA894D6}.Debug|x86.Build.0 = Debug|Any CPU
		{96C19D40-BFC9-43DD-8B8C-381F8EA894D6}.Release|Any CPU.ActiveCfg = Release|Any CPU
		{96C19D40-BFC9-43DD-8B8C-381F8EA894D6}.Release|Any CPU.Build.0 = Release|Any CPU
		{96C19D40-BFC9-43DD-8B8C-381F8EA894D6}.Release|x64.ActiveCfg = Release|Any CPU
		{96C19D40-BFC9-43DD-8B8C-381F8EA894D6}.Release|x64.Build.0 = Release|Any CPU
		{96C19D40-BFC9-43DD-8B8C-381F8EA894D6}.Release|x86.ActiveCfg = Release|Any CPU
		{96C19D40-BFC9-43DD-8B8C-381F8EA894D6}.Release|x86.Build.0 = Release|Any CPU
		{5D9761F2-80A5-495F-8D6F-C1288CCC2FD4}.Debug|Any CPU.ActiveCfg = Debug|Any CPU
		{5D9761F2-80A5-495F-8D6F-C1288CCC2FD4}.Debug|Any CPU.Build.0 = Debug|Any CPU
		{5D9761F2-80A5-495F-8D6F-C1288CCC2FD4}.Debug|x64.ActiveCfg = Debug|Any CPU
		{5D9761F2-80A5-495F-8D6F-C1288CCC2FD4}.Debug|x64.Build.0 = Debug|Any CPU
		{5D9761F2-80A5-495F-8D6F-C1288CCC2FD4}.Debug|x86.ActiveCfg = Debug|Any CPU
		{5D9761F2-80A5-495F-8D6F-C1288CCC2FD4}.Debug|x86.Build.0 = Debug|Any CPU
		{5D9761F2-80A5-495F-8D6F-C1288CCC2FD4}.Release|Any CPU.ActiveCfg = Release|Any CPU
		{5D9761F2-80A5-495F-8D6F-C1288CCC2FD4}.Release|Any CPU.Build.0 = Release|Any CPU
		{5D9761F2-80A5-495F-8D6F-C1288CCC2FD4}.Release|x64.ActiveCfg = Release|Any CPU
		{5D9761F2-80A5-495F-8D6F-C1288CCC2FD4}.Release|x64.Build.0 = Release|Any CPU
		{5D9761F2-80A5-495F-8D6F-C1288CCC2FD4}.Release|x86.ActiveCfg = Release|Any CPU
		{5D9761F2-80A5-495F-8D6F-C1288CCC2FD4}.Release|x86.Build.0 = Release|Any CPU
		{53A0FE75-1EC6-4E22-89E6-B712A3C2B0CC}.Debug|Any CPU.ActiveCfg = Debug|Any CPU
		{53A0FE75-1EC6-4E22-89E6-B712A3C2B0CC}.Debug|Any CPU.Build.0 = Debug|Any CPU
		{53A0FE75-1EC6-4E22-89E6-B712A3C2B0CC}.Debug|x64.ActiveCfg = Debug|Any CPU
		{53A0FE75-1EC6-4E22-89E6-B712A3C2B0CC}.Debug|x64.Build.0 = Debug|Any CPU
		{53A0FE75-1EC6-4E22-89E6-B712A3C2B0CC}.Debug|x86.ActiveCfg = Debug|Any CPU
		{53A0FE75-1EC6-4E22-89E6-B712A3C2B0CC}.Debug|x86.Build.0 = Debug|Any CPU
		{53A0FE75-1EC6-4E22-89E6-B712A3C2B0CC}.Release|Any CPU.ActiveCfg = Release|Any CPU
		{53A0FE75-1EC6-4E22-89E6-B712A3C2B0CC}.Release|Any CPU.Build.0 = Release|Any CPU
		{53A0FE75-1EC6-4E22-89E6-B712A3C2B0CC}.Release|x64.ActiveCfg = Release|Any CPU
		{53A0FE75-1EC6-4E22-89E6-B712A3C2B0CC}.Release|x64.Build.0 = Release|Any CPU
		{53A0FE75-1EC6-4E22-89E6-B712A3C2B0CC}.Release|x86.ActiveCfg = Release|Any CPU
		{53A0FE75-1EC6-4E22-89E6-B712A3C2B0CC}.Release|x86.Build.0 = Release|Any CPU
		{BDB3B6EA-1F85-468A-AB75-63576C0E87BA}.Debug|Any CPU.ActiveCfg = Debug|Any CPU
		{BDB3B6EA-1F85-468A-AB75-63576C0E87BA}.Debug|Any CPU.Build.0 = Debug|Any CPU
		{BDB3B6EA-1F85-468A-AB75-63576C0E87BA}.Debug|x64.ActiveCfg = Debug|Any CPU
		{BDB3B6EA-1F85-468A-AB75-63576C0E87BA}.Debug|x64.Build.0 = Debug|Any CPU
		{BDB3B6EA-1F85-468A-AB75-63576C0E87BA}.Debug|x86.ActiveCfg = Debug|Any CPU
		{BDB3B6EA-1F85-468A-AB75-63576C0E87BA}.Debug|x86.Build.0 = Debug|Any CPU
		{BDB3B6EA-1F85-468A-AB75-63576C0E87BA}.Release|Any CPU.ActiveCfg = Release|Any CPU
		{BDB3B6EA-1F85-468A-AB75-63576C0E87BA}.Release|Any CPU.Build.0 = Release|Any CPU
		{BDB3B6EA-1F85-468A-AB75-63576C0E87BA}.Release|x64.ActiveCfg = Release|Any CPU
		{BDB3B6EA-1F85-468A-AB75-63576C0E87BA}.Release|x64.Build.0 = Release|Any CPU
		{BDB3B6EA-1F85-468A-AB75-63576C0E87BA}.Release|x86.ActiveCfg = Release|Any CPU
		{BDB3B6EA-1F85-468A-AB75-63576C0E87BA}.Release|x86.Build.0 = Release|Any CPU
		{1373AA88-83A9-48E2-8C29-782135CB98AD}.Debug|Any CPU.ActiveCfg = Debug|Any CPU
		{1373AA88-83A9-48E2-8C29-782135CB98AD}.Debug|Any CPU.Build.0 = Debug|Any CPU
		{1373AA88-83A9-48E2-8C29-782135CB98AD}.Debug|x64.ActiveCfg = Debug|Any CPU
		{1373AA88-83A9-48E2-8C29-782135CB98AD}.Debug|x64.Build.0 = Debug|Any CPU
		{1373AA88-83A9-48E2-8C29-782135CB98AD}.Debug|x86.ActiveCfg = Debug|Any CPU
		{1373AA88-83A9-48E2-8C29-782135CB98AD}.Debug|x86.Build.0 = Debug|Any CPU
		{1373AA88-83A9-48E2-8C29-782135CB98AD}.Release|Any CPU.ActiveCfg = Release|Any CPU
		{1373AA88-83A9-48E2-8C29-782135CB98AD}.Release|Any CPU.Build.0 = Release|Any CPU
		{1373AA88-83A9-48E2-8C29-782135CB98AD}.Release|x64.ActiveCfg = Release|Any CPU
		{1373AA88-83A9-48E2-8C29-782135CB98AD}.Release|x64.Build.0 = Release|Any CPU
		{1373AA88-83A9-48E2-8C29-782135CB98AD}.Release|x86.ActiveCfg = Release|Any CPU
		{1373AA88-83A9-48E2-8C29-782135CB98AD}.Release|x86.Build.0 = Release|Any CPU
		{EC3A0C41-9EED-45A8-8341-CAB17B11DD85}.Debug|Any CPU.ActiveCfg = Debug|Any CPU
		{EC3A0C41-9EED-45A8-8341-CAB17B11DD85}.Debug|Any CPU.Build.0 = Debug|Any CPU
		{EC3A0C41-9EED-45A8-8341-CAB17B11DD85}.Debug|x64.ActiveCfg = Debug|Any CPU
		{EC3A0C41-9EED-45A8-8341-CAB17B11DD85}.Debug|x64.Build.0 = Debug|Any CPU
		{EC3A0C41-9EED-45A8-8341-CAB17B11DD85}.Debug|x86.ActiveCfg = Debug|Any CPU
		{EC3A0C41-9EED-45A8-8341-CAB17B11DD85}.Debug|x86.Build.0 = Debug|Any CPU
		{EC3A0C41-9EED-45A8-8341-CAB17B11DD85}.Release|Any CPU.ActiveCfg = Release|Any CPU
		{EC3A0C41-9EED-45A8-8341-CAB17B11DD85}.Release|Any CPU.Build.0 = Release|Any CPU
		{EC3A0C41-9EED-45A8-8341-CAB17B11DD85}.Release|x64.ActiveCfg = Release|Any CPU
		{EC3A0C41-9EED-45A8-8341-CAB17B11DD85}.Release|x64.Build.0 = Release|Any CPU
		{EC3A0C41-9EED-45A8-8341-CAB17B11DD85}.Release|x86.ActiveCfg = Release|Any CPU
		{EC3A0C41-9EED-45A8-8341-CAB17B11DD85}.Release|x86.Build.0 = Release|Any CPU
		{584AF547-0311-4EEA-AC86-83F082C0BFEA}.Debug|Any CPU.ActiveCfg = Debug|Any CPU
		{584AF547-0311-4EEA-AC86-83F082C0BFEA}.Debug|Any CPU.Build.0 = Debug|Any CPU
		{584AF547-0311-4EEA-AC86-83F082C0BFEA}.Debug|x64.ActiveCfg = Debug|Any CPU
		{584AF547-0311-4EEA-AC86-83F082C0BFEA}.Debug|x64.Build.0 = Debug|Any CPU
		{584AF547-0311-4EEA-AC86-83F082C0BFEA}.Debug|x86.ActiveCfg = Debug|Any CPU
		{584AF547-0311-4EEA-AC86-83F082C0BFEA}.Debug|x86.Build.0 = Debug|Any CPU
		{584AF547-0311-4EEA-AC86-83F082C0BFEA}.Release|Any CPU.ActiveCfg = Release|Any CPU
		{584AF547-0311-4EEA-AC86-83F082C0BFEA}.Release|Any CPU.Build.0 = Release|Any CPU
		{584AF547-0311-4EEA-AC86-83F082C0BFEA}.Release|x64.ActiveCfg = Release|Any CPU
		{584AF547-0311-4EEA-AC86-83F082C0BFEA}.Release|x64.Build.0 = Release|Any CPU
		{584AF547-0311-4EEA-AC86-83F082C0BFEA}.Release|x86.ActiveCfg = Release|Any CPU
		{584AF547-0311-4EEA-AC86-83F082C0BFEA}.Release|x86.Build.0 = Release|Any CPU
		{7EFFD697-35E1-4A38-9E80-5710DC8601D2}.Debug|Any CPU.ActiveCfg = Debug|Any CPU
		{7EFFD697-35E1-4A38-9E80-5710DC8601D2}.Debug|Any CPU.Build.0 = Debug|Any CPU
		{7EFFD697-35E1-4A38-9E80-5710DC8601D2}.Debug|x64.ActiveCfg = Debug|Any CPU
		{7EFFD697-35E1-4A38-9E80-5710DC8601D2}.Debug|x64.Build.0 = Debug|Any CPU
		{7EFFD697-35E1-4A38-9E80-5710DC8601D2}.Debug|x86.ActiveCfg = Debug|Any CPU
		{7EFFD697-35E1-4A38-9E80-5710DC8601D2}.Debug|x86.Build.0 = Debug|Any CPU
		{7EFFD697-35E1-4A38-9E80-5710DC8601D2}.Release|Any CPU.ActiveCfg = Release|Any CPU
		{7EFFD697-35E1-4A38-9E80-5710DC8601D2}.Release|Any CPU.Build.0 = Release|Any CPU
		{7EFFD697-35E1-4A38-9E80-5710DC8601D2}.Release|x64.ActiveCfg = Release|Any CPU
		{7EFFD697-35E1-4A38-9E80-5710DC8601D2}.Release|x64.Build.0 = Release|Any CPU
		{7EFFD697-35E1-4A38-9E80-5710DC8601D2}.Release|x86.ActiveCfg = Release|Any CPU
		{7EFFD697-35E1-4A38-9E80-5710DC8601D2}.Release|x86.Build.0 = Release|Any CPU
		{858E745B-5CFB-4CDB-A743-7D670851B7CE}.Debug|Any CPU.ActiveCfg = Debug|Any CPU
		{858E745B-5CFB-4CDB-A743-7D670851B7CE}.Debug|Any CPU.Build.0 = Debug|Any CPU
		{858E745B-5CFB-4CDB-A743-7D670851B7CE}.Debug|x64.ActiveCfg = Debug|Any CPU
		{858E745B-5CFB-4CDB-A743-7D670851B7CE}.Debug|x64.Build.0 = Debug|Any CPU
		{858E745B-5CFB-4CDB-A743-7D670851B7CE}.Debug|x86.ActiveCfg = Debug|Any CPU
		{858E745B-5CFB-4CDB-A743-7D670851B7CE}.Debug|x86.Build.0 = Debug|Any CPU
		{858E745B-5CFB-4CDB-A743-7D670851B7CE}.Release|Any CPU.ActiveCfg = Release|Any CPU
		{858E745B-5CFB-4CDB-A743-7D670851B7CE}.Release|Any CPU.Build.0 = Release|Any CPU
		{858E745B-5CFB-4CDB-A743-7D670851B7CE}.Release|x64.ActiveCfg = Release|Any CPU
		{858E745B-5CFB-4CDB-A743-7D670851B7CE}.Release|x64.Build.0 = Release|Any CPU
		{858E745B-5CFB-4CDB-A743-7D670851B7CE}.Release|x86.ActiveCfg = Release|Any CPU
		{858E745B-5CFB-4CDB-A743-7D670851B7CE}.Release|x86.Build.0 = Release|Any CPU
		{91A43921-8D17-4FAA-A9FA-BB6CFC2EBF16}.Debug|Any CPU.ActiveCfg = Debug|Any CPU
		{91A43921-8D17-4FAA-A9FA-BB6CFC2EBF16}.Debug|Any CPU.Build.0 = Debug|Any CPU
		{91A43921-8D17-4FAA-A9FA-BB6CFC2EBF16}.Debug|x64.ActiveCfg = Debug|Any CPU
		{91A43921-8D17-4FAA-A9FA-BB6CFC2EBF16}.Debug|x64.Build.0 = Debug|Any CPU
		{91A43921-8D17-4FAA-A9FA-BB6CFC2EBF16}.Debug|x86.ActiveCfg = Debug|Any CPU
		{91A43921-8D17-4FAA-A9FA-BB6CFC2EBF16}.Debug|x86.Build.0 = Debug|Any CPU
		{91A43921-8D17-4FAA-A9FA-BB6CFC2EBF16}.Release|Any CPU.ActiveCfg = Release|Any CPU
		{91A43921-8D17-4FAA-A9FA-BB6CFC2EBF16}.Release|Any CPU.Build.0 = Release|Any CPU
		{91A43921-8D17-4FAA-A9FA-BB6CFC2EBF16}.Release|x64.ActiveCfg = Release|Any CPU
		{91A43921-8D17-4FAA-A9FA-BB6CFC2EBF16}.Release|x64.Build.0 = Release|Any CPU
		{91A43921-8D17-4FAA-A9FA-BB6CFC2EBF16}.Release|x86.ActiveCfg = Release|Any CPU
		{91A43921-8D17-4FAA-A9FA-BB6CFC2EBF16}.Release|x86.Build.0 = Release|Any CPU
		{F1FB5C07-2936-446D-AB6F-998481B6D828}.Debug|Any CPU.ActiveCfg = Debug|Any CPU
		{F1FB5C07-2936-446D-AB6F-998481B6D828}.Debug|Any CPU.Build.0 = Debug|Any CPU
		{F1FB5C07-2936-446D-AB6F-998481B6D828}.Debug|x64.ActiveCfg = Debug|Any CPU
		{F1FB5C07-2936-446D-AB6F-998481B6D828}.Debug|x64.Build.0 = Debug|Any CPU
		{F1FB5C07-2936-446D-AB6F-998481B6D828}.Debug|x86.ActiveCfg = Debug|Any CPU
		{F1FB5C07-2936-446D-AB6F-998481B6D828}.Debug|x86.Build.0 = Debug|Any CPU
		{F1FB5C07-2936-446D-AB6F-998481B6D828}.Release|Any CPU.ActiveCfg = Release|Any CPU
		{F1FB5C07-2936-446D-AB6F-998481B6D828}.Release|Any CPU.Build.0 = Release|Any CPU
		{F1FB5C07-2936-446D-AB6F-998481B6D828}.Release|x64.ActiveCfg = Release|Any CPU
		{F1FB5C07-2936-446D-AB6F-998481B6D828}.Release|x64.Build.0 = Release|Any CPU
		{F1FB5C07-2936-446D-AB6F-998481B6D828}.Release|x86.ActiveCfg = Release|Any CPU
		{F1FB5C07-2936-446D-AB6F-998481B6D828}.Release|x86.Build.0 = Release|Any CPU
		{D9F42460-F252-4992-8957-CABEC0F86572}.Debug|Any CPU.ActiveCfg = Debug|Any CPU
		{D9F42460-F252-4992-8957-CABEC0F86572}.Debug|Any CPU.Build.0 = Debug|Any CPU
		{D9F42460-F252-4992-8957-CABEC0F86572}.Debug|x64.ActiveCfg = Debug|Any CPU
		{D9F42460-F252-4992-8957-CABEC0F86572}.Debug|x64.Build.0 = Debug|Any CPU
		{D9F42460-F252-4992-8957-CABEC0F86572}.Debug|x86.ActiveCfg = Debug|Any CPU
		{D9F42460-F252-4992-8957-CABEC0F86572}.Debug|x86.Build.0 = Debug|Any CPU
		{D9F42460-F252-4992-8957-CABEC0F86572}.Release|Any CPU.ActiveCfg = Release|Any CPU
		{D9F42460-F252-4992-8957-CABEC0F86572}.Release|Any CPU.Build.0 = Release|Any CPU
		{D9F42460-F252-4992-8957-CABEC0F86572}.Release|x64.ActiveCfg = Release|Any CPU
		{D9F42460-F252-4992-8957-CABEC0F86572}.Release|x64.Build.0 = Release|Any CPU
		{D9F42460-F252-4992-8957-CABEC0F86572}.Release|x86.ActiveCfg = Release|Any CPU
		{D9F42460-F252-4992-8957-CABEC0F86572}.Release|x86.Build.0 = Release|Any CPU
		{50E2C699-6B7B-44EF-A0D2-F5F9427E6691}.Debug|Any CPU.ActiveCfg = Debug|Any CPU
		{50E2C699-6B7B-44EF-A0D2-F5F9427E6691}.Debug|Any CPU.Build.0 = Debug|Any CPU
		{50E2C699-6B7B-44EF-A0D2-F5F9427E6691}.Debug|x64.ActiveCfg = Debug|Any CPU
		{50E2C699-6B7B-44EF-A0D2-F5F9427E6691}.Debug|x64.Build.0 = Debug|Any CPU
		{50E2C699-6B7B-44EF-A0D2-F5F9427E6691}.Debug|x86.ActiveCfg = Debug|Any CPU
		{50E2C699-6B7B-44EF-A0D2-F5F9427E6691}.Debug|x86.Build.0 = Debug|Any CPU
		{50E2C699-6B7B-44EF-A0D2-F5F9427E6691}.Release|Any CPU.ActiveCfg = Release|Any CPU
		{50E2C699-6B7B-44EF-A0D2-F5F9427E6691}.Release|Any CPU.Build.0 = Release|Any CPU
		{50E2C699-6B7B-44EF-A0D2-F5F9427E6691}.Release|x64.ActiveCfg = Release|Any CPU
		{50E2C699-6B7B-44EF-A0D2-F5F9427E6691}.Release|x64.Build.0 = Release|Any CPU
		{50E2C699-6B7B-44EF-A0D2-F5F9427E6691}.Release|x86.ActiveCfg = Release|Any CPU
		{50E2C699-6B7B-44EF-A0D2-F5F9427E6691}.Release|x86.Build.0 = Release|Any CPU
	EndGlobalSection
	GlobalSection(SolutionProperties) = preSolution
		HideSolutionNode = FALSE
	EndGlobalSection
	GlobalSection(NestedProjects) = preSolution
		{BFC74F73-FA8A-4D61-BA7D-E3D5476F6E87} = {4AFD9A5B-FFCD-4D8D-BEA0-ED32089F0178}
		{08A731F6-DC7F-427E-9CBB-007D33CB4491} = {4AFD9A5B-FFCD-4D8D-BEA0-ED32089F0178}
		{53A0FE75-1EC6-4E22-89E6-B712A3C2B0CC} = {4AFD9A5B-FFCD-4D8D-BEA0-ED32089F0178}
		{1373AA88-83A9-48E2-8C29-782135CB98AD} = {4AFD9A5B-FFCD-4D8D-BEA0-ED32089F0178}
		{7EFFD697-35E1-4A38-9E80-5710DC8601D2} = {4AFD9A5B-FFCD-4D8D-BEA0-ED32089F0178}
		{D9F42460-F252-4992-8957-CABEC0F86572} = {4AFD9A5B-FFCD-4D8D-BEA0-ED32089F0178}
		{50E2C699-6B7B-44EF-A0D2-F5F9427E6691} = {4AFD9A5B-FFCD-4D8D-BEA0-ED32089F0178}
	EndGlobalSection
	GlobalSection(ExtensibilityGlobals) = postSolution
		SolutionGuid = {8E96C65E-1C48-4FDC-84AF-298014ABB360}
	EndGlobalSection
EndGlobal
